PODS:
  - Alamofire (5.6.4)
  - SnapKit (5.6.0)
  - SwiftLint (0.50.3)

DEPENDENCIES:
  - Alamofire
  - SnapKit
  - SwiftLint

SPEC REPOS:
  trunk:
    - Alamofire
    - SnapKit
    - SwiftLint

SPEC CHECKSUMS:
  Alamofire: 4e95d97098eacb88856099c4fc79b526a299e48c
  SnapKit: e01d52ebb8ddbc333eefe2132acf85c8227d9c25
  SwiftLint: 77f7cb2b9bb81ab4a12fcc86448ba3f11afa50c6

PODFILE CHECKSUM: 21aadae09823e7cdf2424be9144d67270962b2f1

COCOAPODS: 1.11.3
